
Microsoft Visual Studio Solution File, Format Version 12.00
# Visual Studio Version 17
VisualStudioVersion = 17.5.33414.496
MinimumVisualStudioVersion = 10.0.40219.1
Project("{FAE04EC0-301F-11D3-BF4B-00C04F79EFBC}") = "CleanArchitecture.Domain.Tests", "CleanArchitecture.Domain.Tests.csproj", "{F2BC24DE-9DAC-4FE2-8268-53F2EFAD9D5C}"
EndProject
Global
	GlobalSection(SolutionConfigurationPlatforms) = preSolution
		Debug|Any CPU = Debug|Any CPU
		Release|Any CPU = Release|Any CPU
	EndGlobalSection
	GlobalSection(ProjectConfigurationPlatforms) = postSolution
		{F2BC24DE-9DAC-4FE2-8268-53F2EFAD9D5C}.Debug|Any CPU.ActiveCfg = Debug|Any CPU
		{F2BC24DE-9DAC-4FE2-8268-53F2EFAD9D5C}.Debug|Any CPU.Build.0 = Debug|Any CPU
		{F2BC24DE-9DAC-4FE2-8268-53F2EFAD9D5C}.Release|Any CPU.ActiveCfg = Release|Any CPU
		{F2BC24DE-9DAC-4FE2-8268-53F2EFAD9D5C}.Release|Any CPU.Build.0 = Release|Any CPU
	EndGlobalSection
	GlobalSection(SolutionProperties) = preSolution
		HideSolutionNode = FALSE
	EndGlobalSection
	GlobalSection(ExtensibilityGlobals) = postSolution
		SolutionGuid = {DE93E3F3-2163-4246-B17B-778A5AAF40B3}
	EndGlobalSection
EndGlobal
